
Microsoft Visual Studio Solution File, Format Version 12.00
# Visual Studio Version 17
VisualStudioVersion = 17.0.31919.166
MinimumVisualStudioVersion = 10.0.40219.1
Project("{9A19103F-16F7-4668-BE54-9A1E7A4F7556}") = "LotRelease", "LotRelease\LotRelease.csproj", "{ACA531C0-AC3D-498F-8456-C02D06C2B911}"
EndProject
Project("{2150E333-8FDC-42A3-9474-1A3956D46DE8}") = "Solution Items", "Solution Items", "{C9A26D05-5C06-4B7F-A819-6B5ACDEA398D}"
EndProject
Project("{9A19103F-16F7-4668-BE54-9A1E7A4F7556}") = "ChangeOrderExpiration", "ChangeOrderExpiration\ChangeOrderExpiration.csproj", "{9C5E8C0D-CDC3-40A2-830A-3F00055F8CEF}"
EndProject
Project("{9A19103F-16F7-4668-BE54-9A1E7A4F7556}") = "AttributeCleanup", "AttributeCleanup\AttributeCleanup.csproj", "{9669E71D-910D-4C57-91F6-B5487100EC3C}"
EndProject
Project("{9A19103F-16F7-4668-BE54-9A1E7A4F7556}") = "Phd.Jobs.Common", "Phd.Jobs.Common\Phd.Jobs.Common.csproj", "{14178AD7-5C9B-49C5-AD7E-7CB78F64817B}"
EndProject
Global
	GlobalSection(SolutionConfigurationPlatforms) = preSolution
		Debug|Any CPU = Debug|Any CPU
		Release|Any CPU = Release|Any CPU
	EndGlobalSection
	GlobalSection(ProjectConfigurationPlatforms) = postSolution
		{ACA531C0-AC3D-498F-8456-C02D06C2B911}.Debug|Any CPU.ActiveCfg = Debug|Any CPU
		{ACA531C0-AC3D-498F-8456-C02D06C2B911}.Debug|Any CPU.Build.0 = Debug|Any CPU
		{ACA531C0-AC3D-498F-8456-C02D06C2B911}.Release|Any CPU.ActiveCfg = Release|Any CPU
		{ACA531C0-AC3D-498F-8456-C02D06C2B911}.Release|Any CPU.Build.0 = Release|Any CPU
		{9C5E8C0D-CDC3-40A2-830A-3F00055F8CEF}.Debug|Any CPU.ActiveCfg = Debug|Any CPU
		{9C5E8C0D-CDC3-40A2-830A-3F00055F8CEF}.Debug|Any CPU.Build.0 = Debug|Any CPU
		{9C5E8C0D-CDC3-40A2-830A-3F00055F8CEF}.Release|Any CPU.ActiveCfg = Release|Any CPU
		{9C5E8C0D-CDC3-40A2-830A-3F00055F8CEF}.Release|Any CPU.Build.0 = Release|Any CPU
		{9669E71D-910D-4C57-91F6-B5487100EC3C}.Debug|Any CPU.ActiveCfg = Debug|Any CPU
		{9669E71D-910D-4C57-91F6-B5487100EC3C}.Debug|Any CPU.Build.0 = Debug|Any CPU
		{9669E71D-910D-4C57-91F6-B5487100EC3C}.Release|Any CPU.ActiveCfg = Release|Any CPU
		{9669E71D-910D-4C57-91F6-B5487100EC3C}.Release|Any CPU.Build.0 = Release|Any CPU
		{14178AD7-5C9B-49C5-AD7E-7CB78F64817B}.Debug|Any CPU.ActiveCfg = Debug|Any CPU
		{14178AD7-5C9B-49C5-AD7E-7CB78F64817B}.Debug|Any CPU.Build.0 = Debug|Any CPU
		{14178AD7-5C9B-49C5-AD7E-7CB78F64817B}.Release|Any CPU.ActiveCfg = Release|Any CPU
		{14178AD7-5C9B-49C5-AD7E-7CB78F64817B}.Release|Any CPU.Build.0 = Release|Any CPU
	EndGlobalSection
	GlobalSection(SolutionProperties) = preSolution
		HideSolutionNode = FALSE
	EndGlobalSection
	GlobalSection(ExtensibilityGlobals) = postSolution
		SolutionGuid = {22AF069D-668C-48AC-9A6C-CFBE80477167}
	EndGlobalSection
EndGlobal
